
Microsoft Visual Studio Solution File, Format Version 12.00
# Visual Studio Version 17
VisualStudioVersion = 17.5.33627.172
MinimumVisualStudioVersion = 10.0.40219.1
Project("{FAE04EC0-301F-11D3-BF4B-00C04F79EFBC}") = "opdracht 3", "opdracht 3\opdracht 3.csproj", "{FB214483-37B9-4F8C-92BD-1227A3E469C5}"
EndProject
Global
	GlobalSection(SolutionConfigurationPlatforms) = preSolution
		Debug|Any CPU = Debug|Any CPU
		Release|Any CPU = Release|Any CPU
	EndGlobalSection
	GlobalSection(ProjectConfigurationPlatforms) = postSolution
		{FB214483-37B9-4F8C-92BD-1227A3E469C5}.Debug|Any CPU.ActiveCfg = Debug|Any CPU
		{FB214483-37B9-4F8C-92BD-1227A3E469C5}.Debug|Any CPU.Build.0 = Debug|Any CPU
		{FB214483-37B9-4F8C-92BD-1227A3E469C5}.Release|Any CPU.ActiveCfg = Release|Any CPU
		{FB214483-37B9-4F8C-92BD-1227A3E469C5}.Release|Any CPU.Build.0 = Release|Any CPU
	EndGlobalSection
	GlobalSection(SolutionProperties) = preSolution
		HideSolutionNode = FALSE
	EndGlobalSection
	GlobalSection(ExtensibilityGlobals) = postSolution
		SolutionGuid = {399E383A-29EA-4C88-B2FB-23229F12B934}
	EndGlobalSection
EndGlobal
