
Microsoft Visual Studio Solution File, Format Version 12.00
# Visual Studio Version 17
VisualStudioVersion = 17.5.33627.172
MinimumVisualStudioVersion = 10.0.40219.1
Project("{FAE04EC0-301F-11D3-BF4B-00C04F79EFBC}") = "opdracht 4", "opdracht 4\opdracht 4.csproj", "{30E84962-7D6E-428F-9761-9CC7E383B4DF}"
EndProject
Global
	GlobalSection(SolutionConfigurationPlatforms) = preSolution
		Debug|Any CPU = Debug|Any CPU
		Release|Any CPU = Release|Any CPU
	EndGlobalSection
	GlobalSection(ProjectConfigurationPlatforms) = postSolution
		{30E84962-7D6E-428F-9761-9CC7E383B4DF}.Debug|Any CPU.ActiveCfg = Debug|Any CPU
		{30E84962-7D6E-428F-9761-9CC7E383B4DF}.Debug|Any CPU.Build.0 = Debug|Any CPU
		{30E84962-7D6E-428F-9761-9CC7E383B4DF}.Release|Any CPU.ActiveCfg = Release|Any CPU
		{30E84962-7D6E-428F-9761-9CC7E383B4DF}.Release|Any CPU.Build.0 = Release|Any CPU
	EndGlobalSection
	GlobalSection(SolutionProperties) = preSolution
		HideSolutionNode = FALSE
	EndGlobalSection
	GlobalSection(ExtensibilityGlobals) = postSolution
		SolutionGuid = {2D308079-2DE6-41BB-A8FD-0DB5873AF2E3}
	EndGlobalSection
EndGlobal
